
Microsoft Visual Studio Solution File, Format Version 12.00
# Visual Studio Version 17
VisualStudioVersion = 17.5.002.0
MinimumVisualStudioVersion = 10.0.40219.1
Project("{9A19103F-16F7-4668-BE54-9A1E7A4F7556}") = "shopapp.webui", "shopapp.webui.csproj", "{B3EBE2CB-19EF-4114-8846-9A33C3A900CE}"
EndProject
Global
	GlobalSection(SolutionConfigurationPlatforms) = preSolution
		Debug|Any CPU = Debug|Any CPU
		Release|Any CPU = Release|Any CPU
	EndGlobalSection
	GlobalSection(ProjectConfigurationPlatforms) = postSolution
		{B3EBE2CB-19EF-4114-8846-9A33C3A900CE}.Debug|Any CPU.ActiveCfg = Debug|Any CPU
		{B3EBE2CB-19EF-4114-8846-9A33C3A900CE}.Debug|Any CPU.Build.0 = Debug|Any CPU
		{B3EBE2CB-19EF-4114-8846-9A33C3A900CE}.Release|Any CPU.ActiveCfg = Release|Any CPU
		{B3EBE2CB-19EF-4114-8846-9A33C3A900CE}.Release|Any CPU.Build.0 = Release|Any CPU
	EndGlobalSection
	GlobalSection(SolutionProperties) = preSolution
		HideSolutionNode = FALSE
	EndGlobalSection
	GlobalSection(ExtensibilityGlobals) = postSolution
		SolutionGuid = {433CC804-A6C8-431E-A73F-27DA5504AC89}
	EndGlobalSection
EndGlobal
